[18:41, 16/11/2022] +234 813 458 6193: # THIS IS AN AUTOGENERATED FILE. DO NOT EDIT THIS FILE DIRECTLY.
# yarn lockfile v1


"@babel/code-frame@^7.0.0":
  version "7.18.6"
  resolved "https://registry.npmjs.org/@babel/code-frame/-/code-frame-7.18.6.tgz"
  integrity sha512-TDCmlK5eOvH+eH7cdAFlNXeVJqWIQ7gW9tY1GJIpUtFb6CmjVyq2VM3u71bOyR8CRihcCgMUYoDNyLXao3+70Q==
  dependencies:
    "@babel/highlight" "^7.18.6"

"@babel/helper-validator-identifier@^7.18.6":
  version "7.19.1"
  resolved "https://registry.npmjs.org/@babel/helper-validator-identifier/-/helper-validator-identifier-7.19.1.tgz"
  integrity sha512-awrNfaMtnHUr653GgGEs++LlAvW6w+DcPrOliSMXWCKo597CwL5Acf/wWdNkf/tfEQE3mjkeD1YOVZOUV/od1w==

"@babel/highlight@^7.18.6":
  version "7.18.6"
  resolved "https://registry.npmjs.org/@babel/highlight/-/…
[18:41, 16/11/2022] +234 813 458 6193: resolved "https://registry.npmjs.org/@ethersproject/signing-key/-/signing-key-5.7.0.tgz"
  integrity sha512-MZdy2nL3wO0u7gkB4nA/pEf8lu1TlFswPNmy8AiYkfKTdO6eXBJyUdmHO/ehm/htHw9K/qF8ujnTyUAD+Ry54Q==
  dependencies:
    "@ethersproject/bytes" "^5.7.0"
    "@ethersproject/logger" "^5.7.0"
    "@ethersproject/properties" "^5.7.0"
    bn.js "^5.2.1"
    elliptic "6.5.4"
    hash.js "1.1.7"

"@ethersproject/solidity@5.7.0":
  version "5.7.0"
  resolved "https://registry.npmjs.org/@ethersproject/solidity/-/solidity-5.7.0.tgz"
  integrity sha512-HmabMd2Dt/raavyaGukF4XxizWKhKQ24DoLtdNbBmNKUOPqwjsKQSdV9GQtj9CBEea9DlzETlVER1gYeXXBGaA==
  dependencies:
    "@ethersproject/bignumber" "^5.7.0"
    "@ethersproject/bytes" "^5.7.0"
    "@ethersproject/keccak256" "^5.7.0"
    "@ethersproject/logger" "^5.7.0"
    "@ethersproject/sha2" "^5.7.0"
    "@ethersproject/strings" "^5.7.0"

"@ethersproject/strings@^5.0.8", "@ethersproject/strings@>=5.0.0-beta.130":
  version "5.0.8"
  dependencies:
    "@ethersproject/bytes" "^5.0.9"
    "@ethersproject/constants" "^5.0.8"
    "@ethersproject/logger" "^5.0.8"

"@ethersproject/strings@^5.7.0", "@ethersproject/strings@5.7.0":
  version "5.7.0"
  resolved "https://registry.npmjs.org/@ethersproject/strings/-/strings-5.7.0.tgz"
  integrity sha512-/9nu+lj0YswRNSH0NXYqrh8775XNyEdUQAuf3f+SmOrnVewcJ5SBNAjF7lpgehKi4abvNNXyf+HX86czCdJ8Mg==
  dependencies:
    "@ethersproject/bytes" "^5.7.0"
    "@ethersproject/constants" "^5.7.0"
    "@ethersproject/logger" "^5.7.0"

"@ethersproject/transactions@^5.0.0-beta.135", "@ethersproject/transactions@^5.0.9":
  version "5.0.9"
  dependencies:
    "@ethersproject/address" "^5.0.9"
    "@ethersproject/bignumber" "^5.0.13"
    "@ethersproject/bytes" "^5.0.9"
    "@ethersproject/constants" "^5.0.8"
    "@ethersproject/keccak256" "^5.0.7"
    "@ethersproject/logger" "^5.0.8"
    "@ethersproject/properties" "^5.0.7"
    "@ethersproject/rlp" "^5.0.7"
    "@ethersproject/signing-key" "^5.0.8"

"@ethersproject/transactions@^5.6.2", "@ethersproject/transactions@^5.7.0", "@ethersproject/transactions@5.7.0":
  version "5.7.0"
  resolved "https://registry.npmjs.org/@ethersproject/transactions/-/transactions-5.7.0.tgz"
  integrity sha512-kmcNicCp1lp8qanMTC3RIikGgoJ80ztTyvtsFvCYpSCfkjhD0jZ2LOrnbcuxuToLIUYYf+4XwD1rP+B/erDIhQ==
  dependencies:
    "@ethersproject/address" "^5.7.0"
    "@ethersproject/bignumber" "^5.7.0"
    "@ethersproject/bytes" "^5.7.0"
    "@ethersproject/constants" "^5.7.0"
    "@ethersproject/keccak256" "^5.7.0"
    "@ethersproject/logger" "^5.7.0"
    "@ethersproject/properties" "^5.7.0"
    "@ethersproject/rlp" "^5.7.0"
    "@ethersproject/signing-key" "^5.7.0"

"@ethersproject/units@5.7.0":
  version "5.7.0"
  resolved "https://registry.npmjs.org/@ethersproject/units/-/units-5.7.0.tgz"
  integrity sha512-pD3xLMy3SJu9kG5xDGI7+xhTEmGXlEqXU4OfNapmfnxLVY4EMSSRp7j1k7eezutBPH7RBN/7QPnwR7hzNlEFeg==
  dependencies:
    "@ethersproject/bignumber" "^5.7.0"
    "@ethersproject/constants" "^5.7.0"
    "@ethersproject/logger" "^5.7.0"

"@ethersproject/wallet@5.7.0":
  version "5.7.0"
  resolved "https://registry.npmjs.org/@ethersproject/wallet/-/wallet-5.7.0.tgz"
  integrity sha512-MhmXlJXEJFBFVKrDLB4ZdDzxcBxQ3rLyCkhNqVu3CDYvR97E+8r01UgrI+TI99Le+aYm/in/0vp86guJuM7FCA==
  dependencies:
    "@ethersproject/abstract-provider" "^5.7.0"
    "@ethersproject/abstract-signer" "^5.7.0"
    "@ethersproject/address" "^5.7.0"
    "@ethersproject/bignumber" "^5.7.0"
    "@ethersproject/bytes" "^5.7.0"
    "@ethersproject/hash" "^5.7.0"
    "@ethersproject/hdnode" "^5.7.0"
    "@ethersproject/json-wallets" "^5.7.0"
    "@ethersproject/keccak256" "^5.7.0"
    "@ethersproject/logger" "^5.7.0"
    "@ethersproject/properties" "^5.7.0"
    "@ethersproject/random" "^5.7.0"
    "@ethersproject/signing-key" "^5.7.0"
    "@ethersproject/transactions" "^5.7.0"
    "@ethersproject/wordlists" "^5.7.0"

"@ethersproject/web@^5.0.12":
  version "5.0.12"
  dependencies:
    "@ethersproject/base64" "^5.0.7"
    "@ethersproject/bytes" "^5.0.9"
    "@ethersproject/logger" "^5.0.8"
    "@ethersproject/properties" "^5.0.7"
    "@ethersproject/strings" "^5.0.8"

"@ethersproject/web@^5.7.0", "@ethersproject/web@5.7.1":
  version "5.7.1"
  resolved "https://registry.npmjs.org/@ethersproject/web/-/web-5.7.1.tgz"
  integrity sha512-Gueu8lSvyjBWL4cYsWsjh6MtMwM0+H4HvqFPZfB6dV8ctbP9zFAO73VG1cMWae0FLPCtz0peKPpZY8/ugJJX2w==
  dependencies:
    "@ethersproject/base64" "^5.7.0"
    "@ethersproject/bytes" "^5.7.0"
    "@ethersproject/logger" "^5.7.0"
    "@ethersproject/properties" "^5.7.0"
    "@ethersproject/strings" "^5.7.0"

"@ethersproject/wordlists@^5.7.0", "@ethersproject/wordlists@5.7.0":
  version "5.7.0"
  resolved "https://registry.npmjs.org/@ethersproject/wordlists/-/wordlists-5.7.0.tgz"
  integrity sha512-S2TFNJNfHWVHNE6cNDjbVlZ6MgE17MIxMbMg2zv3wn+3XSJGosL1m9ZVv3GXCf/2ymSsQ+hRI5IzoMJTG6aoVA==
  dependencies:
    "@ethersproject/bytes" "^5.7.0"
    "@ethersproject/hash" "^5.7.0"
    "@ethersproject/logger" "^5.7.0"
    "@ethersproject/properties" "^5.7.0"
    "@ethersproject/strings" "^5.7.0"

"@humanwhocodes/config-array@^0.11.6":
  version "0.11.7"
  resolved "https://registry.npmjs.org/@humanwhocodes/config-array/-/config-array-0.11.7.tgz"
  integrity sha512-kBbPWzN8oVMLb0hOUYXhmxggL/1cJE6ydvjDIGi9EnAGUyA7cLVKQg+d/Dsm+KZwx2czGHrCmMVLiyg8s5JPKw==
  dependencies:
    "@humanwhocodes/object-schema" "^1.2.1"
    debug "^4.1.1"
    minimatch "^3.0.5"

"@humanwhocodes/module-importer@^1.0.1":
  version "1.0.1"
  resolved "https://registry.npmjs.org/@humanwhocodes/module-importer/-/module-importer-1.0.1.tgz"
  integrity sha512-bxveV4V8v5Yb4ncFTT3rPSgZBOpCkjfK0y4oVVVJwIuDVBRMDXrPyXRL988i5ap9m9bnyEEjWfm5WkBmtffLfA==

"@humanwhocodes/object-schema@^1.2.1":
  version "1.2.1"
  resolved "https://registry.npmjs.org/@humanwhocodes/object-schema/-/object-schema-1.2.1.tgz"
  integrity sha512-ZnQMnLV4e7hDlUvw8H+U8ASL02SS2Gn6+9Ac3wGGLIe7+je2AeAOxPY+izIPJDfFDb7eDjev0Us8MO1iFRN8hA==

"@jridgewell/resolve-uri@^3.0.3":
  version "3.1.0"
  resolved "https://registry.npmjs.org/@jridgewell/resolve-uri/-/resolve-uri-3.1.0.tgz"
  integrity sha512-F2msla3tad+Mfht5cJq7LSXcdudKTWCVYUgw6pLFOOHSTtZlj6SWNYAp+AhuqLmWdBO2X5hPrLcu8cVP8fy28w==

"@jridgewell/sourcemap-codec@^1.4.10":
  version "1.4.14"
  resolved "https://registry.npmjs.org/@jridgewell/sourcemap-codec/-/sourcemap-codec-1.4.14.tgz"
  integrity sha512-XPSJHWmi394fuUuzDnGz1wiKqWfo1yXecHQMRf2l6hztTO+nPru658AyDngaBe7isIxEkRsPR3FZh+s7iVa4Uw==

"@jridgewell/trace-mapping@0.3.9":
  version "0.3.9"
  resolved "https://registry.npmjs.org/@jridgewell/trace-mapping/-/trace-mapping-0.3.9.tgz"
  integrity sha512-3Belt6tdc8bPgAtbcmdtNJlirVoTmEb5e2gC94PnkwEW9jI6CAHUeoG85tjWP5WquqfavoMtMwiG4P926ZKKuQ==
  dependencies:
    "@jridgewell/resolve-uri" "^3.0.3"
    "@jridgewell/sourcemap-codec" "^1.4.10"

"@metamask/eth-sig-util@^4.0.0":
  version "4.0.1"
  r…
[18:41, 16/11/2022] +234 813 458 6193: "@tsconfig/node12@^1.0.7":
  version "1.0.11"
  resolved "https://registry.npmjs.org/@tsconfig/node12/-/node12-1.0.11.tgz"
  integrity sha512-cqefuRsh12pWyGsIoBKJA9luFu3mRxCA+ORZvA4ktLSzIuCUtWVxGIuXigEwO5/ywWFMZ2QEGKWvkZG1zDMTag==

"@tsconfig/node14@^1.0.0":
  version "1.0.3"
  resolved "https://registry.npmjs.org/@tsconfig/node14/-/node14-1.0.3.tgz"
  integrity sha512-ysT8mhdixWK6Hw3i1V2AeRqZ5WfXg1G43mqoYlM2nc6388Fq5jcXyr5mRsqViLx/GJYdoL0bfXD8nmF+Zn/Iow==

"@tsconfig/node16@^1.0.2":
  version "1.0.3"
  resolved "https://registry.npmjs.org/@tsconfig/node16/-/node16-1.0.3.tgz"
  integrity sha512-yOlFc+7UtL/89t2ZhjPvvB/DeAr3r+Dq58IgzsFkOAvVC6NMJXmCGjbptdXdR9qsX7pKcTL+s87FtYREi2dEEQ==

"@typechain/ethers-v5@^2.0.0":
  version "2.0.0"
  resolved "https://registry.npmjs.org/@typechain/ethers-v5/-/ethers-v5-2.0.0.tgz"
  integrity sha512-0xdCkyGOzdqh4h5JSf+zoWx85IusEjDcPIwNEHP8mrWSnCae4rvrqB+/gtpdNfX7zjlFlZiMeePn2r63EI3Lrw==
  dependencies:
    ethers "^5.0.2"

"@typechain/ethers-v5@^8.0.2":
  version "8.0.5"
  resolved "https://registry.npmjs.org/@typechain/ethers-v5/-/ethers-v5-8.0.5.tgz"
  integrity sha512-ntpj4cS3v4WlDu+hSKSyj9A3o1tKtWC30RX1gobeYymZColeJiUemC1Kgfa0MWGmInm5CKxoHVhEvYVgPOZn1A==
  dependencies:
    lodash "^4.17.15"
    ts-essentials "^7.0.1"

"@typechain/hardhat@^3.0.0":
  version "3.1.0"
  resolved "https://registry.npmjs.org/@typechain/hardhat/-/hardhat-3.1.0.tgz"
  integrity sha512-C6Be6l+vTpao19PvMH2CB/lhL1TRLkhdPkvQCF/zqkY1e+0iqY2Bb9Jd3PTt6I8QvMm89ZDerrCJC9927ZHmlg==
  dependencies:
    fs-extra "^9.1.0"

"@types/async-eventemitter@^0.2.1":
  version "0.2.1"
  resolved "https://registry.npmjs.org/@types/async-eventemitter/-/async-eventemitter-0.2.1.tgz"
  integrity sha512-M2P4Ng26QbAeITiH7w1d7OxtldgfAe0wobpyJzVK/XOb0cUGKU2R4pfAhqcJBXAe2ife5ZOhSv4wk7p+ffURtg==

"@types/bn.js@*", "@types/bn.js@^5.1.0":
  version "5.1.0"
  resolved "https://registry.npmjs.org/@types/bn.js/-/bn.js-5.1.0.tgz"
  integrity sha512-QSSVYj7pYFN49kW77o2s9xTCwZ8F2xLbjLLSEVh8D2F4JUhZtPAGOFLTD+ffqksBx/u4cE/KImFjyhqCjn/LIA==
  dependencies:
    "@types/node" "*"

"@types/bn.js@^4.11.3", "@types/bn.js@^4.11.5":
  version "4.11.6"
  resolved "https://registry.npmjs.org/@types/bn.js/-/bn.js-4.11.6.tgz"
  integrity sha512-pqr857jrp2kPuO9uRjZ3PwnJTjoQy+fcdxvBTvHm6dkmEL9q+hDD/2j/0ELOBPtPnS8LjCX0gI9nbl8lVkadpg==
  dependencies:
    "@types/node" "*"

"@types/cacheable-request@^6.0.1":
  version "6.0.2"
  resolved "https://registry.npmjs.org/@types/cacheable-request/-/cacheable-request-6.0.2.tgz"
  integrity sha512-B3xVo+dlKM6nnKTcmm5ZtY/OL8bOAOd2Olee9M1zft65ox50OzjEHW91sDiU9j6cvW8Ejg1/Qkf4xd2kugApUA==
  dependencies:
    "@types/http-cache-semantics" "*"
    "@types/keyv" "*"
    "@types/node" "*"
    "@types/responselike" "*"

"@types/chai-as-promised@^7.1.3":
  version "7.1.5"
  resolved "https://registry.npmjs.org/@types/chai-as-promised/-/chai-as-promised-7.1.5.tgz"
  integrity sha512-jStwss93SITGBwt/niYrkf2C+/1KTeZCZl1LaeezTlqppAKeoQC7jxyqYuP72sxBGKCIbw7oHgbYssIRzT5FCQ==
  dependencies:
    "@types/chai" "*"

"@types/chai@*", "@types/chai@^4.2.22":
  version "4.3.3"
  resolved "https://registry.npmjs.org/@types/chai/-/chai-4.3.3.tgz"
  integrity sha512-hC7OMnszpxhZPduX+m+nrx+uFoLkWOMiR4oa/AZF3MuSETYTZmFfJAHqZEM8MVlvfG7BEUcgvtwoCTxBp6hm3g==

"@types/concat-stream@^1.6.0":
  version "1.6.1"
  resolved "https://registry.npmjs.org/@types/concat-stream/-/concat-stream-1.6.1.tgz"
  integrity sha512-eHE4cQPoj6ngxBZMvVf6Hw7Mh4jMW4U9lpGmS5GBPB9RYxlFg+CHaVN7ErNY4W9XfLIEn20b4VDYaIrbq0q4uA==
  dependencies:
    "@types/node" "*"

"@types/form-data@0.0.33":
  version "0.0.33"
  resolved "https://registry.npmjs.org/@types/form-data/-/form-data-0.0.33.tgz"
  integrity sha512-8BSvG1kGm83cyJITQMZSulnl6QV8jqAGreJsc5tPu1Jq0vTSOiY/k24Wx82JRpWwZSqrala6sd5rWi6aNXvqcw==
  dependencies:
    "@types/node" "*"

"@types/glob@^7.1.1":
  version "7.2.0"
  resolved "https://registry.npmjs.org/@types/glob/-/glob-7.2.0.tgz"
  integrity sha512-ZUxbzKl0IfJILTS6t7ip5fQQM/J3TJYubDm3nMbgubNNYS62eXeUpoLUC8/7fJNiFYHTrGPQn7hspDUzIHX3UA==
  dependencies:
    "@types/minimatch" "*"
    "@types/node" "*"

"@types/http-cache-semantics@*":
  version "4.0.1"
  resolved "https://registry.npmjs.org/@types/http-cache-semantics/-/http-cache-semantics-4.0.1.tgz"
  integrity sha512-SZs7ekbP8CN0txVG2xVRH6EgKmEm31BOxA07vkFaETzZz1xh+cbt8BcI0slpymvwhx5dlFnQG2rTlPVQn+iRPQ==

"@types/json-schema@^7.0.9":
  version "7.0.11"
  resolved "https://registry.npmjs.org/@types/json-schema/-/json-schema-7.0.11.tgz"
  integrity sha512-wOuvG1SN4Us4rez+tylwwwCV1psiNVOkJeM3AUWUNWg/jDQY2+HE/444y5gc+jBmRqASOm2Oeh5c1axHobwRKQ==

"@types/json5@^0.0.29":
  version "0.0.29"
  resolved "https://registry.npmjs.org/@types/json5/-/json5-0.0.29.tgz"
  integrity sha512-dRLjCWHYg4oaA77cxO64oO+7JwCwnIzkZPdrrC71jQmQtlhM556pwKo5bUzqvZndkVbeFLIIi+9TC40JNF5hNQ==

"@types/keyv@*":
  version "4.2.0"
  resolved "https://registry.npmjs.org/@types/keyv/-/keyv-4.2.0.tgz"
  integrity sha512-xoBtGl5R9jeKUhc8ZqeYaRDx04qqJ10yhhXYGmJ4Jr8qKpvMsDQQrNUvF/wUJ4klOtmJeJM+p2Xo3zp9uaC3tw==
  dependencies:
    keyv "*"

"@types/lru-cache@^5.1.0":
  version "5.1.1"
  resolved "https://registry.npmjs.org/@types/lru-cache/-/lru-cache-5.1.1.tgz"
  integrity sha512-ssE3Vlrys7sdIzs5LOxCzTVMsU7i9oa/IaW92wF32JFb3CVczqOkru2xspuKczHEbG3nvmPY7IFqVmGGHdNbYw==

"@types/minimatch@*":
  version "5.1.2"
  resolved "https://registry.npmjs.org/@types/minimatch/-/minimatch-5.1.2.tgz"
  integrity sha512-K0VQKziLUWkVKiRVrx4a40iPaxTUefQmjtkQofBkYRcoaaL/8rhwDWww9qWbrgicNOgnpIsMxyNIUM4+n6dUIA==

"@types/mkdirp@^0.5.2":
  version "0.5.2"
  resolved "https://registry.npmjs.org/@types/mkdirp/-/mkdirp-0.5.2.tgz"
  integrity sha512-U5icWpv7YnZYGsN4/cmh3WD2onMY0aJIiTE6+51TwJCttdHvtCYmkBNOobHlXwrJRL0nkH9jH4kD+1FAdMN4Tg==
  dependencies:
    "@types/node" "*"

"@types/mocha@^9.0.0":
  version "9.1.1"
  resolved "https://registry.npmjs.org/@types/mocha/-/mocha-9.1.1.tgz"
  integrity sha512-Z61JK7DKDtdKTWwLeElSEBcWGRLY8g95ic5FoQqI9CMx0ns/Ghep3B4DfcEimiKMvtamNVULVNKEsiwV3aQmXw==

"@types/node-fetch@^2.5.5":
  version "2.5.11"
  resolved "https://registry.npmjs.org/@types/node-fetch/-/node-fetch-2.5.11.tgz"
  integrity sha512-2upCKaqVZETDRb8A2VTaRymqFBEgH8u6yr96b/u3+1uQEPDRo3mJLEiPk7vdXBHRtjwkjqzFYMJXrt0Z9QsYjQ==
  dependencies:
    "@types/node" "*"
    form-data "^3.0.0"

"@types/node@*", "@types/node@^16.11.7":
  version "16.18.3"
  resolved "https://registry.npmjs.org/@types/node/-/node-16.18.3.tgz"
  integrity sha512-jh6m0QUhIRcZpNv7Z/rpN+ZWXOicUUQbSoWks7Htkbb9IjFQj4kzcX/xFCkjstCj5flMsN8FiSvt+q+Tcs4Llg==

"@types/node@^10.0.3":
  version "10.17.60"
  resolved "https://registry.npmjs.org/@types/node/-/node-10.17.60.tgz"
  integrity sha512-F0KIgDJfy2nA3zMLmWGKxcH2ZVEtCZXHHdOQs2gSaQ27+lNeEfGxzkIw90aXswATX7AZ33tahPbzy6KAfUreVw==

"@types/node@^12.12.6":
  version "12.20.55"
  resolved "https://registry.npmjs.org/@types/node/-/node-12.20.55.tgz"
  integrity sha512-J8xLz7q2OFulZ2cyGTLE1TbbZcjpno7FaN6zdJNrgAdrJ+DZzh/uFR6YrTb4C+nXakvud8Q4+rbhoIWlYQbUFQ==

"@types/node@^8.0.0":
  version "8.10.66"
  resolved "https://registry.npmjs.org/@types/node/-/node-8.10.66.tgz"
  integrity sha512-tktOkFUA4kXx2hhhrB8bIFb5TbwzS4uOhKEmwiD+NoiL0qtP2OQ9mFldbgD4dV1djrlBYP6eBuQZiWjuHUpqFw==

"@types/pbkdf2@^3.0.0":
  version "3.1.0"
  resolved "https://registry.npmjs.org/@types/pbkdf2/-/pbkdf2-3.1.0.tgz"
  integrity sha512-Cf63Rv7jCQ0LaL8tNXmEyqTHuIJxRdlS5vMh1mj5voN4+QFhVZnlZruezqpWYDiJ8UTzhP0VmeLXCmBk66YrMQ==
  dependencies:
    "@types/node" "*"

"@types/prettier@^2.1.1":
  version "2.3.1"
  resolved "https://registry.npmjs.org/@types/prettier/-/prettier-2.3.1.tgz"
  integrity sha512-NVkb4p4YjI8E3O6+1m8I+8JlMpFZwfSbPGdaw0wXuyPRTEz0SLKwBUWNSO7Maoi8tQMPC8JLZNWkrcKPI7/sLA==

"@types/qs@^6.2.31":
  version "6.9.7"
  resolved "https://registry.npmjs.org/@types/qs/-/qs-6.9.7.tgz"
  integrity sha512-FGa1F62FT09qcrueBA6qYTrJPVDzah9a+493+o2PCXsesWHIn27G98TsSMs3WPNbZIEj4+VJf6saSFpvD+3Zsw==

"@types/resolve@^0.0.8":
  version "0.0.8"
  resolved "https://registry.npmjs.org/@types/resolve/-/resolve-0.0.8.tgz"
  integrity sha512-auApPaJf3NPfe18hSoJkp8EbZzer2ISk7o8mCC3M9he/a04+gbMF97NkpD2S8riMGvm4BMRI59/SZQSaLTKpsQ==
  dependencies:
    "@types/node" "*"

"@types/responselike@*", "@types/responselike@^1.0.0":
  version "1.0.0"
  resolved "https://registry.npmjs.org/@types/responselike/-/responselike-1.0.0.tgz"
  integrity sha512-85Y2BjiufFzaMIlvJDvTTB8Fxl2xfLo4HgmHzVBz08w4wDePCTjYw66PdrolO0kzli3yam/YCgRufyo1DdQVTA==
  dependencies:
    "@types/node" "*"

"@types/secp256k1@^4.0.1":
  version "4.0.3"
  resolved "https://registry.npmjs.org/@types/secp256k1/-/secp256k1-4.0.3.tgz"
  integrity sha512-Da66lEIFeIz9ltsdMZcpQvmrmmoqrfju8pm1BH8WbYjZSwUgCwXLb9C+9XYogwBITnbsSaMdVPb2ekf7TV+03w==
  dependencies:
    "@types/node" "*"

"@types/semver@^7.3.12":
  version "7.3.13"
  resolved "https://registry.npmjs.org/@types/semver/-/semver-7.3.13.tgz"
  integrity sha512-21cFJr9z3g5dW8B0CVI9g2O9beqaThGQ6ZFBqHfwhzLDKUxaqTIy3vnfah/UPkfOiF2pLq+tGz+W8RyCskuslw==

"@types/sinon-chai@^3.2.3":
  version "3.2.5"
  resolved "https://registry.npmjs.org/@types/sinon-chai/-/sinon-chai-3.2.5.tgz"
  integrity sha512-bKQqIpew7mmIGNRlxW6Zli/QVyc3zikpGzCa797B/tRnD9OtHvZ/ts8sYXV+Ilj9u3QRaUEM8xrjgd1gwm1BpQ==
  dependencies:
    "@types/chai" "*"
    "@types/sinon" "*"

"@types/sinon@*":
  version "9.0.11"
  resolved "https://registry.npmjs.org/@types/sinon/-/sinon-9.0.11.tgz"
  integrity sha512-PwP4UY33SeeVKodNE37ZlOsR9cReypbMJOhZ7BVE0lB+Hix3efCOxiJWiE5Ia+yL9Cn2Ch72EjFTRze8RZsNtg==
  dependencies:
    "@types/sinonjs__fake-timers" "*"

"@types/sinonjs__fake-timers@*":
  version "6.0.2"
  resolved "https://registry.npmjs.org/@types/sinonjs__fake-timers/-/sinonjs__fake-timers-6.0.2.tgz"
  integrity sha512-dIPoZ3g5gcx9zZEszaxLSVTvMReD3xxyyDnQUjA6IYDG9Ba2AV0otMPs+77sG9ojB4Qr2N2Vk5RnKeuA0X/0bg==

"@types/underscore@*":
  version "1.11.0"
  resolved "https://registry.npmjs.org/@types/underscore/-/underscore-1.11.0.tgz"
  integrity sha512-ipNAQLgRnG0EWN1cTtfdVHp5AyTW/PAMJ1PxLN4bAKSHbusSZbj48mIHiydQpN7GgQrYqwfnvZ573OVfJm5Nzg==

"@types/web3@1.0.19":
  version "1.0.19"
  resolved "https://registry.npmjs.org/@types/web3/-/web3-1.0.19.tgz"
  integrity sha512-fhZ9DyvDYDwHZUp5/STa9XW2re0E8GxoioYJ4pEUZ13YHpApSagixj7IAdoYH5uAK+UalGq6Ml8LYzmgRA/q+A==
  dependencies:
    "@types/bn.js" "*"
    "@types/underscore" "*"

"@typescript-eslint/eslint-plugin@^5.3.1":
  version "5.42.0"
  resolved "https://registry.npmjs.org/@typescript-eslint/eslint-plugin/-/eslint-plugin-5.42.0.tgz"
  integrity sha512-5TJh2AgL6+wpL8H/GTSjNb4WrjKoR2rqvFxR/DDTqYNk6uXn8BJMEcncLSpMbf/XV1aS0jAjYwn98uvVCiAywQ==
  dependencies:
    "@typescript-eslint/scope-manager" "5.42.0"
    "@typescript-eslint/type-utils" "5.42.0"
    "@typescript-eslint/utils" "5.42.0"
    debug "^4.3.4"
    ignore "^5.2.0"
    natural-compare-lite "^1.4.0"
    regexpp "^3.2.0"
    semver "^7.3.7"
    tsutils "^3.21.0"

"@typescript-eslint/parser@^5.3.1":
  version "5.42.0"
  resolved "https://registry.npmjs.org/@typescript-eslint/parser/-/parser-5.42.0.tgz"
  integrity sha512-Ixh9qrOTDRctFg3yIwrLkgf33AHyEIn6lhyf5cCfwwiGtkWhNpVKlEZApi3inGQR/barWnY7qY8FbGKBO7p3JA==
  dependencies:
    "@typescript-eslint/scope-manager" "5.42.0"
    "@typescript-eslint/types" "5.42.0"
    "@typescript-eslint/typescript-estree" "5.42.0"
    debug "^4.3.4"

"@typescript-eslint/scope-manager@5.42.0":
  version "5.42.0"
  resolved "https://registry.npmjs.org/@typescript-eslint/scope-manager/-/scope-manager-5.42.0.tgz"
  integrity sha512-l5/3IBHLH0Bv04y+H+zlcLiEMEMjWGaCX6WyHE5Uk2YkSGAMlgdUPsT/ywTSKgu9D1dmmKMYgYZijObfA39Wow==
  dependencies:
    "@typescript-eslint/types" "5.42.0"
    "@typescript-eslint/visitor-keys" "5.42.0"

"@typescript-eslint/type-utils@5.42.0":
  version "5.42.0"
  resolved "https://registry.npmjs.org/@typescript-eslint/type-utils/-/type-utils-5.42.0.tgz"
  integrity sha512-HW14TXC45dFVZxnVW8rnUGnvYyRC0E/vxXShFCthcC9VhVTmjqOmtqj6H5rm9Zxv+ORxKA/1aLGD7vmlLsdlOg==
  dependencies:
    "@typescript-eslint/typescript-estree" "5.42.0"
    "@typescript-eslint/utils" "5.42.0"
    debug "^4.3.4"
    tsutils "^3.21.0"

"@typescript-eslint/types@5.42.0":
  version "5.42.0"
  resolved "https://registry.npmjs.org/@typescript-eslint/types/-/types-5.42.0.tgz"
  integrity sha512-t4lzO9ZOAUcHY6bXQYRuu+3SSYdD9TS8ooApZft4WARt4/f2Cj/YpvbTe8A4GuhT4bNW72goDMOy7SW71mZwGw==

"@typescript-eslint/typescript-estree@5.42.0":
  version "5.42.0"
  resolved "https://registry.npmjs.org/@typescript-eslint/typescript-estree/-/typescript-estree-5.42.0.tgz"
  integrity sha512-2O3vSq794x3kZGtV7i4SCWZWCwjEtkWfVqX4m5fbUBomOsEOyd6OAD1qU2lbvV5S8tgy/luJnOYluNyYVeOTTg==
  dependencies:
    "@typescript-eslint/types" "5.42.0"
    "@typescript-eslint/visitor-keys" "5.42.0"
    debug "^4.3.4"
    globby "^11.1.0"
    is-glob "^4.0.3"
    semver "^7.3.7"
    tsutils "^3.21.0"

"@typescript-eslint/utils@5.42.0":
  version "5.42.0"
  resolved "https://registry.npmjs.org/@typescript-eslint/utils/-/utils-5.42.0.tgz"
  integrity sha512-JZ++3+h1vbeG1NUECXQZE3hg0kias9kOtcQr3+JVQ3whnjvKuMyktJAAIj6743OeNPnGBmjj7KEmiDL7qsdnCQ==
  dependencies:
    "@types/json-schema" "^7.0.9"
    "@types/semver" "^7.3.12"
    "@typescript-eslint/scope-manager" "5.42.0"
    "@typescript-eslint/types" "5.42.0"
    "@typescript-eslint/typescript-estree" "5.42.0"
    eslint-scope "^5.1.1"
    eslint-utils "^3.0.0"
    semver "^7.3.7"

"@typescript-eslint/visitor-keys@5.42.0":
  version "5.42.0"
  resolved "https://registry.npmjs.org/@typescript-eslint/visitor-keys/-/visitor-keys-5.42.0.tgz"
  integrity sha512-QHbu5Hf/2lOEOwy+IUw0GoSCuAzByTAWWrOTKzTzsotiUnWFpuKnXcAhC9YztAf2EElQ0VvIK+pHJUPkM0q7jg==
  dependencies:
    "@typescript-eslint/types" "5.42.0"
    eslint-visitor-keys "^3.3.0"

"@yarnpkg/lockfile@^1.1.0":
  version "1.1.0"
  resolved "https://registry.npmjs.org/@yarnpkg/lockfile/-/lockfile-1.1.0.tgz"
  integrity sha512-GpSwvyXOcOOlV70vbnzjj4fW5xW/FdUF6nQEt1ENy7m4ZCczi1+/buVUPAqmGfqznsORNFzUMjctTIp8a9tuCQ==

abbrev@1, abbrev@1.0.x:
  version "1.0.9"
  resolved "https://registry.npmjs.org/abbrev/-/abbrev-1.0.9.tgz"
  integrity sha512-LEyx4aLEC3x6T0UguF6YILf+ntvmOaWsVfENmIW0E9H09vKlLDGelMjjSm0jkDHALj8A8quZ/HapKNigzwge+Q==

abort-controller@^3.0.0:
  version "3.0.0"
  resolved "https://registry.npmjs.org/abort-controller/-/abort-controller-3.0.0.tgz"
  integrity sha512-h8lQ8tacZYnR3vNQTgibj+tODHI5/+l06Au2Pcriv/Gmet0eaj4TwWH41sO9wnHDiQsEj19q0drzdWdeAHtweg==
  dependencies:
    event-target-shim "^5.0.0"

abstract-level@^1.0.0, abstract-level@^1.0.2, abstract-level@^1.0.3:
  version "1.0.3"
  resolved "https://registry.npmjs.org/abstract-level/-/abstract-level-1.0.3.tgz"
  integrity sha512-t6jv+xHy+VYwc4xqZMn2Pa9DjcdzvzZmQGRjTFc8spIbRGHgBrEKbPq+rYXc7CCo0lxgYvSgKVg9qZAhpVQSjA==
  dependencies:
    buffer "^6.0.3"
    catering "^2.1.0"
    is-buffer "^2.0.5"
    level-supports "^4.0.0"
    level-transcoder "^1.0.1"
    module-error "^1.0.1"
    queue-microtask "^1.2.3"

abstract-leveldown@^2.4.1:
  version "2.7.2"
  resolved "https://registry.npmjs.org/abstract-leveldown/-/abstract-leveldown-2.7.2.tgz"
  integrity sha512-+OVvxH2rHVEhWLdbudP6p0+dNMXu8JA1CbhP19T8paTYAcX7oJ4OVjT+ZUVpv7mITxXHqDMej+GdqXBmXkw09w==
  dependencies:
    xtend "~4.0.0"

abstract-leveldown@^5.0.0:
  version "5.0.0"
  resolved "https://registry.npmjs.org/abstract-leveldown/-/abstract-leveldown-5.0.0.tgz"
  integrity sha512-5mU5P1gXtsMIXg65/rsYGsi93+MlogXZ9FA8JnwKurHQg64bfXwGYVdVdijNTVNOlAsuIiOwHdvFFD5JqCJQ7A==
  dependencies:
    xtend "~4.0.0"

abstract-leveldown@~2.6.0:
  version "2.6.3"
  resolved "https://registry.npmjs.org/abstract-leveldown/-/abstract-leveldown-2.6.3.tgz"
  integrity sha512-2++wDf/DYqkPR3o5tbfdhF96EfMApo1GpPfzOsR/ZYXdkSmELlvOOEAl9iKkRsktMPHdGjO4rtkBpf2I7TiTeA==
  dependencies:
    xtend "~4.0.0"

abstract-leveldown@~2.7.1:
  version "2.7.2"
  resolved "https://registry.npmjs.org/abstract-leveldown/-/abstract-leveldown-2.7.2.tgz"
  integrity sha512-+OVvxH2rHVEhWLdbudP6p0+dNMXu8JA1CbhP19T8paTYAcX7oJ4OVjT+ZUVpv7mITxXHqDMej+GdqXBmXkw09w==
  dependencies:
    xtend "~4.0.0"

abstract-leveldown@~5.0.0:
  version "5.0.0"
  resolved "https://registry.npmjs.org/abstract-leveldown/-/abstract-leveldown-5.0.0.tgz"
  integrity sha512-5mU5P1gXtsMIXg65/rsYGsi93+MlogXZ9FA8JnwKurHQg64bfXwGYVdVdijNTVNOlAsuIiOwHdvFFD5JqCJQ7A==
  dependencies:
    xtend "~4.0.0"

abstract-leveldown@3.0.0:
  version "3.0.0"
  resolved "https://registry.npmjs.org/abstract-leveldown/-/abstract-leveldown-3.0.0.tgz"
  integrity sha512-KUWx9UWGQD12zsmLNj64/pndaz4iJh/Pj7nopgkfDG6RlCcbMZvT6+9l7dchK4idog2Is8VdC/PvNbFuFmalIQ==
  dependencies:
    xtend "~4.0.0"

accepts@~1.3.7:
  version "1.3.7"
  dependencies:
    mime-types "~2.1.24"
    negotiator "0.6.2"

accepts@~1.3.8:
  version "1.3.8"
  resolved "https://registry.npmjs.org/accepts/-/accepts-1.3.8.tgz"